
Microsoft Visual Studio Solution File, Format Version 12.00
# Visual Studio Version 16
VisualStudioVersion = 16.0.32802.440
MinimumVisualStudioVersion = 10.0.40219.1
Project("{9A19103F-16F7-4668-BE54-9A1E7A4F7556}") = "mulk", "mulk\mulk.csproj", "{DD47C9F1-F717-4CFF-8BD2-F90AF2512A54}"
EndProject
Global
	GlobalSection(SolutionConfigurationPlatforms) = preSolution
		Debug|Any CPU = Debug|Any CPU
		Release|Any CPU = Release|Any CPU
	EndGlobalSection
	GlobalSection(ProjectConfigurationPlatforms) = postSolution
		{DD47C9F1-F717-4CFF-8BD2-F90AF2512A54}.Debug|Any CPU.ActiveCfg = Debug|Any CPU
		{DD47C9F1-F717-4CFF-8BD2-F90AF2512A54}.Debug|Any CPU.Build.0 = Debug|Any CPU
		{DD47C9F1-F717-4CFF-8BD2-F90AF2512A54}.Release|Any CPU.ActiveCfg = Release|Any CPU
		{DD47C9F1-F717-4CFF-8BD2-F90AF2512A54}.Release|Any CPU.Build.0 = Release|Any CPU
	EndGlobalSection
	GlobalSection(SolutionProperties) = preSolution
		HideSolutionNode = FALSE
	EndGlobalSection
	GlobalSection(ExtensibilityGlobals) = postSolution
		SolutionGuid = {BB0699BF-C3D4-4D19-BDE8-B3D573F8A053}
	EndGlobalSection
EndGlobal
